
Microsoft Visual Studio Solution File, Format Version 12.00
# Visual Studio Version 17
VisualStudioVersion = 17.4.33205.214
MinimumVisualStudioVersion = 10.0.40219.1
Project("{9A19103F-16F7-4668-BE54-9A1E7A4F7556}") = "MTCGame", "MTCGame.csproj", "{7AABDE15-2B3C-4461-A359-16AE3CA02343}"
EndProject
Project("{FAE04EC0-301F-11D3-BF4B-00C04F79EFBC}") = "MTCGame-Testing", "..\MTCGame-Testing\MTCGame-Testing.csproj", "{8FA89190-EDF5-413C-9BA3-513472EC8AD2}"
EndProject
Global
	GlobalSection(SolutionConfigurationPlatforms) = preSolution
		Debug|Any CPU = Debug|Any CPU
		Release|Any CPU = Release|Any CPU
	EndGlobalSection
	GlobalSection(ProjectConfigurationPlatforms) = postSolution
		{7AABDE15-2B3C-4461-A359-16AE3CA02343}.Debug|Any CPU.ActiveCfg = Debug|Any CPU
		{7AABDE15-2B3C-4461-A359-16AE3CA02343}.Debug|Any CPU.Build.0 = Debug|Any CPU
		{7AABDE15-2B3C-4461-A359-16AE3CA02343}.Release|Any CPU.ActiveCfg = Release|Any CPU
		{7AABDE15-2B3C-4461-A359-16AE3CA02343}.Release|Any CPU.Build.0 = Release|Any CPU
		{8FA89190-EDF5-413C-9BA3-513472EC8AD2}.Debug|Any CPU.ActiveCfg = Debug|Any CPU
		{8FA89190-EDF5-413C-9BA3-513472EC8AD2}.Debug|Any CPU.Build.0 = Debug|Any CPU
		{8FA89190-EDF5-413C-9BA3-513472EC8AD2}.Release|Any CPU.ActiveCfg = Release|Any CPU
		{8FA89190-EDF5-413C-9BA3-513472EC8AD2}.Release|Any CPU.Build.0 = Release|Any CPU
	EndGlobalSection
	GlobalSection(SolutionProperties) = preSolution
		HideSolutionNode = FALSE
	EndGlobalSection
	GlobalSection(ExtensibilityGlobals) = postSolution
		SolutionGuid = {8C170107-870E-42A6-890B-CB7744A03130}
	EndGlobalSection
EndGlobal
